# This file is automatically @generated by Poetry 1.5.1 and should not be changed by hand.

[[package]]
name = "docopt"
version = "0.6.2"
description = "Pythonic argument parser, that will make you smile"
optional = false
python-versions = "*"
files = [
    {file = "docopt-0.6.2.tar.gz", hash = "sha256:49b3a825280bd66b3aa83585ef59c4a8c82f2c8a522dbe754a8bc8d08c85c491"},
]

[[package]]
name = "num2words"
version = "0.5.13"
description = "Modules to convert numbers to words. Easily extensible."
optional = false
python-versions = "*"
files = [
    {file = "num2words-0.5.13-py3-none-any.whl", hash = "sha256:39e662c663f0a7e15415431ea68eb3dc711b49e3b776d93403e1da0a219ca4ee"},
    {file = "num2words-0.5.13.tar.gz", hash = "sha256:a3064716fbbf90d75c449450cebfbc73a6a13e63b2531d09bdecc3ab1a2209cf"},
]

[package.dependencies]
docopt = ">=0.6.2"

[metadata]
lock-version = "2.0"
python-versions = "^3.11"
content-hash = "79ef8a5433e94637bd9b59b89e5bd7b4443ed6758a91b0e51aecc8239ee444b5"
